
Microsoft Visual Studio Solution File, Format Version 12.00
# Visual Studio Version 17
VisualStudioVersion = 17.1.32210.238
MinimumVisualStudioVersion = 10.0.40219.1
Project("{9A19103F-16F7-4668-BE54-9A1E7A4F7556}") = "WebApplication3", "WebApplication3\WebApplication3.csproj", "{01DC2E96-3F96-406D-A1D7-8BF56C0F9EFF}"
EndProject
Global
	GlobalSection(SolutionConfigurationPlatforms) = preSolution
		Debug|Any CPU = Debug|Any CPU
		Release|Any CPU = Release|Any CPU
	EndGlobalSection
	GlobalSection(ProjectConfigurationPlatforms) = postSolution
		{01DC2E96-3F96-406D-A1D7-8BF56C0F9EFF}.Debug|Any CPU.ActiveCfg = Debug|Any CPU
		{01DC2E96-3F96-406D-A1D7-8BF56C0F9EFF}.Debug|Any CPU.Build.0 = Debug|Any CPU
		{01DC2E96-3F96-406D-A1D7-8BF56C0F9EFF}.Release|Any CPU.ActiveCfg = Release|Any CPU
		{01DC2E96-3F96-406D-A1D7-8BF56C0F9EFF}.Release|Any CPU.Build.0 = Release|Any CPU
	EndGlobalSection
	GlobalSection(SolutionProperties) = preSolution
		HideSolutionNode = FALSE
	EndGlobalSection
	GlobalSection(ExtensibilityGlobals) = postSolution
		SolutionGuid = {E5801703-ADD9-40A8-B3FB-5CD67CB2BD6E}
	EndGlobalSection
EndGlobal
